
Microsoft Visual Studio Solution File, Format Version 12.00
# Visual Studio 2013
VisualStudioVersion = 12.0.30324.0
MinimumVisualStudioVersion = 10.0.40219.1
Project("{CC5FD16D-436D-48AD-A40C-5A424C6E3E79}") = "TcpCasting", "TcpCasting\TcpCasting.ccproj", "{C090216A-3382-4F82-8A1E-8EF5750F1565}"
EndProject
Project("{FAE04EC0-301F-11D3-BF4B-00C04F79EFBC}") = "WorkerRole", "WorkerRole\WorkerRole.csproj", "{3DBC9B3E-F32C-4BAF-A585-E90C80757B9B}"
EndProject
Project("{FAE04EC0-301F-11D3-BF4B-00C04F79EFBC}") = "Client", "Client\Client.csproj", "{D2FD5A33-9BB9-403E-9A63-99CE1F1ED458}"
EndProject
Global
	GlobalSection(SolutionConfigurationPlatforms) = preSolution
		Debug|Any CPU = Debug|Any CPU
		Release|Any CPU = Release|Any CPU
	EndGlobalSection
	GlobalSection(ProjectConfigurationPlatforms) = postSolution
		{C090216A-3382-4F82-8A1E-8EF5750F1565}.Debug|Any CPU.ActiveCfg = Debug|Any CPU
		{C090216A-3382-4F82-8A1E-8EF5750F1565}.Debug|Any CPU.Build.0 = Debug|Any CPU
		{C090216A-3382-4F82-8A1E-8EF5750F1565}.Release|Any CPU.ActiveCfg = Release|Any CPU
		{C090216A-3382-4F82-8A1E-8EF5750F1565}.Release|Any CPU.Build.0 = Release|Any CPU
		{3DBC9B3E-F32C-4BAF-A585-E90C80757B9B}.Debug|Any CPU.ActiveCfg = Debug|Any CPU
		{3DBC9B3E-F32C-4BAF-A585-E90C80757B9B}.Debug|Any CPU.Build.0 = Debug|Any CPU
		{3DBC9B3E-F32C-4BAF-A585-E90C80757B9B}.Release|Any CPU.ActiveCfg = Release|Any CPU
		{3DBC9B3E-F32C-4BAF-A585-E90C80757B9B}.Release|Any CPU.Build.0 = Release|Any CPU
		{D2FD5A33-9BB9-403E-9A63-99CE1F1ED458}.Debug|Any CPU.ActiveCfg = Debug|Any CPU
		{D2FD5A33-9BB9-403E-9A63-99CE1F1ED458}.Debug|Any CPU.Build.0 = Debug|Any CPU
		{D2FD5A33-9BB9-403E-9A63-99CE1F1ED458}.Release|Any CPU.ActiveCfg = Release|Any CPU
		{D2FD5A33-9BB9-403E-9A63-99CE1F1ED458}.Release|Any CPU.Build.0 = Release|Any CPU
	EndGlobalSection
	GlobalSection(SolutionProperties) = preSolution
		HideSolutionNode = FALSE
	EndGlobalSection
EndGlobal
